
Microsoft Visual Studio Solution File, Format Version 12.00
# Visual Studio 14
VisualStudioVersion = 14.0.25420.1
MinimumVisualStudioVersion = 10.0.40219.1
Project("{2150E333-8FDC-42A3-9474-1A3956D46DE8}") = "_Solution", "_Solution", "{237458F2-03F8-4EE2-B506-A6F935736306}"
EndProject
Project("{FAE04EC0-301F-11D3-BF4B-00C04F79EFBC}") = "RI.Framework.Unity", "RI.Framework.Unity\RI.Framework.Unity.csproj", "{36E8EB66-9A69-41EA-A7F8-45BA5299A03F}"
	ProjectSection(ProjectDependencies) = postProject
		{5210DF0B-3AD1-444A-8C79-38821577788C} = {5210DF0B-3AD1-444A-8C79-38821577788C}
		{5C393494-8524-49FF-9978-BA2B8FA228B7} = {5C393494-8524-49FF-9978-BA2B8FA228B7}
	EndProjectSection
EndProject
Project("{FAE04EC0-301F-11D3-BF4B-00C04F79EFBC}") = "RI.Test.Framework.Unity", "RI.Test.Framework.Unity\RI.Test.Framework.Unity.csproj", "{32368735-BA73-45B2-9F24-ABA7F6099508}"
	ProjectSection(ProjectDependencies) = postProject
		{5C393494-8524-49FF-9978-BA2B8FA228B7} = {5C393494-8524-49FF-9978-BA2B8FA228B7}
	EndProjectSection
EndProject
Project("{FAE04EC0-301F-11D3-BF4B-00C04F79EFBC}") = "RI.Documentation.Framework.Development", "RI.Documentation.Framework.Development\RI.Documentation.Framework.Development.csproj", "{968509A4-4BD4-4E94-9A7F-ABC422F974B8}"
	ProjectSection(ProjectDependencies) = postProject
		{0563B040-9EE7-4963-8321-D328EDE5FAE1} = {0563B040-9EE7-4963-8321-D328EDE5FAE1}
		{76BDCD48-9CC7-45B2-B5D5-224BAA70A7EB} = {76BDCD48-9CC7-45B2-B5D5-224BAA70A7EB}
		{9AE61682-B33C-4814-BAE5-771008CA4147} = {9AE61682-B33C-4814-BAE5-771008CA4147}
		{C0BB3E8E-6139-4767-A8AB-62D2F4432E12} = {C0BB3E8E-6139-4767-A8AB-62D2F4432E12}
		{5C393494-8524-49FF-9978-BA2B8FA228B7} = {5C393494-8524-49FF-9978-BA2B8FA228B7}
	EndProjectSection
EndProject
Project("{7CF6DF6D-3B04-46F8-A40B-537D21BCA0B4}") = "RI.Documentation.Framework.Unity.Full", "RI.Documentation.Framework.Unity.Full\RI.Documentation.Framework.Unity.Full.shfbproj", "{BEA7ACCD-752E-4BE7-93F3-491CD5A7E02D}"
	ProjectSection(ProjectDependencies) = postProject
		{0563B040-9EE7-4963-8321-D328EDE5FAE1} = {0563B040-9EE7-4963-8321-D328EDE5FAE1}
		{76BDCD48-9CC7-45B2-B5D5-224BAA70A7EB} = {76BDCD48-9CC7-45B2-B5D5-224BAA70A7EB}
		{36E8EB66-9A69-41EA-A7F8-45BA5299A03F} = {36E8EB66-9A69-41EA-A7F8-45BA5299A03F}
		{9AE61682-B33C-4814-BAE5-771008CA4147} = {9AE61682-B33C-4814-BAE5-771008CA4147}
		{C0BB3E8E-6139-4767-A8AB-62D2F4432E12} = {C0BB3E8E-6139-4767-A8AB-62D2F4432E12}
		{5C393494-8524-49FF-9978-BA2B8FA228B7} = {5C393494-8524-49FF-9978-BA2B8FA228B7}
		{968509A4-4BD4-4E94-9A7F-ABC422F974B8} = {968509A4-4BD4-4E94-9A7F-ABC422F974B8}
	EndProjectSection
EndProject
Project("{2150E333-8FDC-42A3-9474-1A3956D46DE8}") = "D-Documentation", "D-Documentation", "{1411DED4-EBBC-4986-9C82-8450F21B9235}"
EndProject
Project("{2150E333-8FDC-42A3-9474-1A3956D46DE8}") = "1-Framework", "1-Framework", "{2139B354-0C0B-461E-B0BD-D83F111F63B2}"
EndProject
Project("{2150E333-8FDC-42A3-9474-1A3956D46DE8}") = "C-Test", "C-Test", "{5D59B6A0-1CC6-403B-A33D-047295618794}"
EndProject
Project("{2150E333-8FDC-42A3-9474-1A3956D46DE8}") = "B-Tools", "B-Tools", "{37ECC737-2BAE-4776-A529-A0C946789FDF}"
EndProject
Project("{FAE04EC0-301F-11D3-BF4B-00C04F79EFBC}") = "RI.Tools.Framework.VersionUpdater", "RI.Tools.Framework.VersionUpdater\RI.Tools.Framework.VersionUpdater.csproj", "{9AE61682-B33C-4814-BAE5-771008CA4147}"
	ProjectSection(ProjectDependencies) = postProject
		{5C393494-8524-49FF-9978-BA2B8FA228B7} = {5C393494-8524-49FF-9978-BA2B8FA228B7}
	EndProjectSection
EndProject
Project("{FAE04EC0-301F-11D3-BF4B-00C04F79EFBC}") = "RI.Tools.Framework.Doc2Pdf", "RI.Tools.Framework.Doc2Pdf\RI.Tools.Framework.Doc2Pdf.csproj", "{0563B040-9EE7-4963-8321-D328EDE5FAE1}"
	ProjectSection(ProjectDependencies) = postProject
		{5C393494-8524-49FF-9978-BA2B8FA228B7} = {5C393494-8524-49FF-9978-BA2B8FA228B7}
	EndProjectSection
EndProject
Project("{FAE04EC0-301F-11D3-BF4B-00C04F79EFBC}") = "RI.Framework.NetFx", "RI.Framework.NetFx\RI.Framework.NetFx.csproj", "{A7F5DD2F-63BF-4032-AD1E-14D211E0D3ED}"
	ProjectSection(ProjectDependencies) = postProject
		{5210DF0B-3AD1-444A-8C79-38821577788C} = {5210DF0B-3AD1-444A-8C79-38821577788C}
		{5C393494-8524-49FF-9978-BA2B8FA228B7} = {5C393494-8524-49FF-9978-BA2B8FA228B7}
	EndProjectSection
EndProject
Project("{D954291E-2A0B-460D-934E-DC6B0785DB48}") = "RI.Framework.Common", "RI.Framework.Common\RI.Framework.Common.shproj", "{0DE0D41D-B3C7-4EB5-A76E-62FC4CA9CB30}"
EndProject
Project("{7CF6DF6D-3B04-46F8-A40B-537D21BCA0B4}") = "RI.Documentation.Framework.NetFx", "RI.Documentation.Framework.NetFx\RI.Documentation.Framework.NetFx.shfbproj", "{0CE71375-77BE-427A-822D-7BF17C7A3BC5}"
	ProjectSection(ProjectDependencies) = postProject
		{EC0E161F-F9C9-4DE2-8A00-DA16E0957191} = {EC0E161F-F9C9-4DE2-8A00-DA16E0957191}
		{9677D921-F867-4E57-95B5-AE3CA62E43B2} = {9677D921-F867-4E57-95B5-AE3CA62E43B2}
		{A7F5DD2F-63BF-4032-AD1E-14D211E0D3ED} = {A7F5DD2F-63BF-4032-AD1E-14D211E0D3ED}
		{DB979B3B-AEE2-4E0E-BF14-D635B059206D} = {DB979B3B-AEE2-4E0E-BF14-D635B059206D}
		{0563B040-9EE7-4963-8321-D328EDE5FAE1} = {0563B040-9EE7-4963-8321-D328EDE5FAE1}
		{CD9C2847-A48F-45E1-908F-3F9A86EE0E37} = {CD9C2847-A48F-45E1-908F-3F9A86EE0E37}
		{76BDCD48-9CC7-45B2-B5D5-224BAA70A7EB} = {76BDCD48-9CC7-45B2-B5D5-224BAA70A7EB}
		{D5BF9549-AEB4-4A21-ACA0-591131018428} = {D5BF9549-AEB4-4A21-ACA0-591131018428}
		{4CDB344E-5D01-43EA-801A-AE66846613C0} = {4CDB344E-5D01-43EA-801A-AE66846613C0}
		{EAB3A05A-77DC-4B29-B014-370E8E4C90A4} = {EAB3A05A-77DC-4B29-B014-370E8E4C90A4}
		{D23FD87B-33C5-4BD5-9FAB-A92B885C3E90} = {D23FD87B-33C5-4BD5-9FAB-A92B885C3E90}
		{9AE61682-B33C-4814-BAE5-771008CA4147} = {9AE61682-B33C-4814-BAE5-771008CA4147}
		{F0017883-0BCA-4B15-AE3C-1D0580152506} = {F0017883-0BCA-4B15-AE3C-1D0580152506}
		{7CD5C68C-51E2-47DD-8BE3-B71848CF4964} = {7CD5C68C-51E2-47DD-8BE3-B71848CF4964}
		{C0BB3E8E-6139-4767-A8AB-62D2F4432E12} = {C0BB3E8E-6139-4767-A8AB-62D2F4432E12}
		{5C393494-8524-49FF-9978-BA2B8FA228B7} = {5C393494-8524-49FF-9978-BA2B8FA228B7}
		{FE294A9B-A865-4E83-934B-706DE84D4508} = {FE294A9B-A865-4E83-934B-706DE84D4508}
		{EC687B9B-0203-440F-88D6-FCF74201F271} = {EC687B9B-0203-440F-88D6-FCF74201F271}
		{968509A4-4BD4-4E94-9A7F-ABC422F974B8} = {968509A4-4BD4-4E94-9A7F-ABC422F974B8}
		{01DFC9AF-FEA4-4996-BCEF-BC6E878C5C2A} = {01DFC9AF-FEA4-4996-BCEF-BC6E878C5C2A}
		{612277CE-E2C4-41D2-99A0-CB6E084A713F} = {612277CE-E2C4-41D2-99A0-CB6E084A713F}
		{A52DCED6-1ED6-4301-929C-F9CAEE3EEADE} = {A52DCED6-1ED6-4301-929C-F9CAEE3EEADE}
		{A744C2DB-54FF-46C5-84BD-4482F056FDA6} = {A744C2DB-54FF-46C5-84BD-4482F056FDA6}
		{FB40A2DF-A02D-419F-8187-B75886EA2910} = {FB40A2DF-A02D-419F-8187-B75886EA2910}
		{B8D1A4E0-E7F2-4804-8181-BC4437601FBA} = {B8D1A4E0-E7F2-4804-8181-BC4437601FBA}
		{1AD143FE-49AC-4E02-A0FA-C2E6FF4280F5} = {1AD143FE-49AC-4E02-A0FA-C2E6FF4280F5}
	EndProjectSection
EndProject
Project("{FAE04EC0-301F-11D3-BF4B-00C04F79EFBC}") = "RI.Test.Framework.NetFx", "RI.Test.Framework.NetFx\RI.Test.Framework.NetFx.csproj", "{CB4BB068-91A4-44CD-94BC-13D1C5542C5B}"
	ProjectSection(ProjectDependencies) = postProject
		{5C393494-8524-49FF-9978-BA2B8FA228B7} = {5C393494-8524-49FF-9978-BA2B8FA228B7}
	EndProjectSection
EndProject
Project("{D954291E-2A0B-460D-934E-DC6B0785DB48}") = "RI.Test.Framework.Common", "RI.Test.Framework.Common\RI.Test.Framework.Common.shproj", "{D002CC0C-2A9C-4731-A3E6-DFFA517E3BD9}"
EndProject
Project("{FAE04EC0-301F-11D3-BF4B-00C04F79EFBC}") = "RI.Framework.Windows.Wpf", "RI.Framework.Windows.Wpf\RI.Framework.Windows.Wpf.csproj", "{D5BF9549-AEB4-4A21-ACA0-591131018428}"
	ProjectSection(ProjectDependencies) = postProject
		{5210DF0B-3AD1-444A-8C79-38821577788C} = {5210DF0B-3AD1-444A-8C79-38821577788C}
		{5C393494-8524-49FF-9978-BA2B8FA228B7} = {5C393494-8524-49FF-9978-BA2B8FA228B7}
	EndProjectSection
EndProject
Project("{FAE04EC0-301F-11D3-BF4B-00C04F79EFBC}") = "RI.Framework.Windows.Forms", "RI.Framework.Windows.Forms\RI.Framework.Windows.Forms.csproj", "{01DFC9AF-FEA4-4996-BCEF-BC6E878C5C2A}"
	ProjectSection(ProjectDependencies) = postProject
		{5210DF0B-3AD1-444A-8C79-38821577788C} = {5210DF0B-3AD1-444A-8C79-38821577788C}
		{5C393494-8524-49FF-9978-BA2B8FA228B7} = {5C393494-8524-49FF-9978-BA2B8FA228B7}
	EndProjectSection
EndProject
Project("{FAE04EC0-301F-11D3-BF4B-00C04F79EFBC}") = "RI.Framework.Windows.Shared", "RI.Framework.Windows.Shared\RI.Framework.Windows.Shared.csproj", "{CD9C2847-A48F-45E1-908F-3F9A86EE0E37}"
	ProjectSection(ProjectDependencies) = postProject
		{5210DF0B-3AD1-444A-8C79-38821577788C} = {5210DF0B-3AD1-444A-8C79-38821577788C}
		{5C393494-8524-49FF-9978-BA2B8FA228B7} = {5C393494-8524-49FF-9978-BA2B8FA228B7}
	EndProjectSection
EndProject
Project("{FAE04EC0-301F-11D3-BF4B-00C04F79EFBC}") = "RI.Framework.Extensions.SQLite", "RI.Framework.Extensions.SQLite\RI.Framework.Extensions.SQLite.csproj", "{F0017883-0BCA-4B15-AE3C-1D0580152506}"
	ProjectSection(ProjectDependencies) = postProject
		{5210DF0B-3AD1-444A-8C79-38821577788C} = {5210DF0B-3AD1-444A-8C79-38821577788C}
		{5C393494-8524-49FF-9978-BA2B8FA228B7} = {5C393494-8524-49FF-9978-BA2B8FA228B7}
	EndProjectSection
EndProject
Project("{FAE04EC0-301F-11D3-BF4B-00C04F79EFBC}") = "RI.Framework.Extensions.FluentRibbon", "RI.Framework.Extensions.FluentRibbon\RI.Framework.Extensions.FluentRibbon.csproj", "{A52DCED6-1ED6-4301-929C-F9CAEE3EEADE}"
	ProjectSection(ProjectDependencies) = postProject
		{5210DF0B-3AD1-444A-8C79-38821577788C} = {5210DF0B-3AD1-444A-8C79-38821577788C}
		{5C393494-8524-49FF-9978-BA2B8FA228B7} = {5C393494-8524-49FF-9978-BA2B8FA228B7}
	EndProjectSection
EndProject
Project("{FAE04EC0-301F-11D3-BF4B-00C04F79EFBC}") = "RI.Framework.Extensions.EF6", "RI.Framework.Extensions.EF6\RI.Framework.Extensions.EF6.csproj", "{7CD5C68C-51E2-47DD-8BE3-B71848CF4964}"
	ProjectSection(ProjectDependencies) = postProject
		{5210DF0B-3AD1-444A-8C79-38821577788C} = {5210DF0B-3AD1-444A-8C79-38821577788C}
		{5C393494-8524-49FF-9978-BA2B8FA228B7} = {5C393494-8524-49FF-9978-BA2B8FA228B7}
	EndProjectSection
EndProject
Project("{FAE04EC0-301F-11D3-BF4B-00C04F79EFBC}") = "RI.Framework.Extensions.SQLiteEF6", "RI.Framework.Extensions.SQLiteEF6\RI.Framework.Extensions.SQLiteEF6.csproj", "{4CDB344E-5D01-43EA-801A-AE66846613C0}"
	ProjectSection(ProjectDependencies) = postProject
		{5210DF0B-3AD1-444A-8C79-38821577788C} = {5210DF0B-3AD1-444A-8C79-38821577788C}
		{5C393494-8524-49FF-9978-BA2B8FA228B7} = {5C393494-8524-49FF-9978-BA2B8FA228B7}
	EndProjectSection
EndProject
Project("{FAE04EC0-301F-11D3-BF4B-00C04F79EFBC}") = "RI.Framework.Windows.Service", "RI.Framework.Windows.Service\RI.Framework.Windows.Service.csproj", "{EC0E161F-F9C9-4DE2-8A00-DA16E0957191}"
	ProjectSection(ProjectDependencies) = postProject
		{5210DF0B-3AD1-444A-8C79-38821577788C} = {5210DF0B-3AD1-444A-8C79-38821577788C}
		{5C393494-8524-49FF-9978-BA2B8FA228B7} = {5C393494-8524-49FF-9978-BA2B8FA228B7}
	EndProjectSection
EndProject
Project("{FAE04EC0-301F-11D3-BF4B-00C04F79EFBC}") = "RI.Tools.Framework.ElevatedStart", "RI.Tools.Framework.ElevatedStart\RI.Tools.Framework.ElevatedStart.csproj", "{CFB1848C-0CFC-4F07-A7C4-BC88FD662E8C}"
	ProjectSection(ProjectDependencies) = postProject
		{5C393494-8524-49FF-9978-BA2B8FA228B7} = {5C393494-8524-49FF-9978-BA2B8FA228B7}
	EndProjectSection
EndProject
Project("{2150E333-8FDC-42A3-9474-1A3956D46DE8}") = "15-Extensions", "15-Extensions", "{D61DB73D-4E53-46F9-B18A-3DBAC4424E41}"
EndProject
Project("{FAE04EC0-301F-11D3-BF4B-00C04F79EFBC}") = "RI.Tools.Framework.TemplateRunner", "RI.Tools.Framework.TemplateRunner\RI.Tools.Framework.TemplateRunner.csproj", "{5210DF0B-3AD1-444A-8C79-38821577788C}"
	ProjectSection(ProjectDependencies) = postProject
		{5C393494-8524-49FF-9978-BA2B8FA228B7} = {5C393494-8524-49FF-9978-BA2B8FA228B7}
	EndProjectSection
EndProject
Project("{7CF6DF6D-3B04-46F8-A40B-537D21BCA0B4}") = "RI.Documentation.Framework.Unity.Light", "RI.Documentation.Framework.Unity.Light\RI.Documentation.Framework.Unity.Light.shfbproj", "{349D4C73-3C31-430A-8AD2-ED3D95FE6CEA}"
	ProjectSection(ProjectDependencies) = postProject
		{0563B040-9EE7-4963-8321-D328EDE5FAE1} = {0563B040-9EE7-4963-8321-D328EDE5FAE1}
		{76BDCD48-9CC7-45B2-B5D5-224BAA70A7EB} = {76BDCD48-9CC7-45B2-B5D5-224BAA70A7EB}
		{36E8EB66-9A69-41EA-A7F8-45BA5299A03F} = {36E8EB66-9A69-41EA-A7F8-45BA5299A03F}
		{9AE61682-B33C-4814-BAE5-771008CA4147} = {9AE61682-B33C-4814-BAE5-771008CA4147}
		{C0BB3E8E-6139-4767-A8AB-62D2F4432E12} = {C0BB3E8E-6139-4767-A8AB-62D2F4432E12}
		{5C393494-8524-49FF-9978-BA2B8FA228B7} = {5C393494-8524-49FF-9978-BA2B8FA228B7}
		{968509A4-4BD4-4E94-9A7F-ABC422F974B8} = {968509A4-4BD4-4E94-9A7F-ABC422F974B8}
		{BEA7ACCD-752E-4BE7-93F3-491CD5A7E02D} = {BEA7ACCD-752E-4BE7-93F3-491CD5A7E02D}
	EndProjectSection
EndProject
Project("{FAE04EC0-301F-11D3-BF4B-00C04F79EFBC}") = "RI.Framework.Linux.Shared", "RI.Framework.Linux.Shared\RI.Framework.Linux.Shared.csproj", "{B8D1A4E0-E7F2-4804-8181-BC4437601FBA}"
	ProjectSection(ProjectDependencies) = postProject
		{5210DF0B-3AD1-444A-8C79-38821577788C} = {5210DF0B-3AD1-444A-8C79-38821577788C}
		{5C393494-8524-49FF-9978-BA2B8FA228B7} = {5C393494-8524-49FF-9978-BA2B8FA228B7}
	EndProjectSection
EndProject
Project("{2150E333-8FDC-42A3-9474-1A3956D46DE8}") = "12-CrossPlatform", "12-CrossPlatform", "{26CB60DB-11D2-4CFA-810E-E83D6DE6F423}"
EndProject
Project("{FAE04EC0-301F-11D3-BF4B-00C04F79EFBC}") = "RI.Framework.CrossPlatform.Shared", "RI.Framework.CrossPlatform.Shared\RI.Framework.CrossPlatform.Shared.csproj", "{FB40A2DF-A02D-419F-8187-B75886EA2910}"
	ProjectSection(ProjectDependencies) = postProject
		{5210DF0B-3AD1-444A-8C79-38821577788C} = {5210DF0B-3AD1-444A-8C79-38821577788C}
		{5C393494-8524-49FF-9978-BA2B8FA228B7} = {5C393494-8524-49FF-9978-BA2B8FA228B7}
	EndProjectSection
EndProject
Project("{FAE04EC0-301F-11D3-BF4B-00C04F79EFBC}") = "RI.Framework.Extensions.Nancy", "RI.Framework.Extensions.Nancy\RI.Framework.Extensions.Nancy.csproj", "{612277CE-E2C4-41D2-99A0-CB6E084A713F}"
	ProjectSection(ProjectDependencies) = postProject
		{5210DF0B-3AD1-444A-8C79-38821577788C} = {5210DF0B-3AD1-444A-8C79-38821577788C}
		{5C393494-8524-49FF-9978-BA2B8FA228B7} = {5C393494-8524-49FF-9978-BA2B8FA228B7}
	EndProjectSection
EndProject
Project("{FAE04EC0-301F-11D3-BF4B-00C04F79EFBC}") = "RI.Framework.Extensions.SqlServer", "RI.Framework.Extensions.SqlServer\RI.Framework.Extensions.SqlServer.csproj", "{EAB3A05A-77DC-4B29-B014-370E8E4C90A4}"
	ProjectSection(ProjectDependencies) = postProject
		{5210DF0B-3AD1-444A-8C79-38821577788C} = {5210DF0B-3AD1-444A-8C79-38821577788C}
		{5C393494-8524-49FF-9978-BA2B8FA228B7} = {5C393494-8524-49FF-9978-BA2B8FA228B7}
	EndProjectSection
EndProject
Project("{FAE04EC0-301F-11D3-BF4B-00C04F79EFBC}") = "RI.Framework.Extensions.SqlServerEF6", "RI.Framework.Extensions.SqlServerEF6\RI.Framework.Extensions.SqlServerEF6.csproj", "{FE294A9B-A865-4E83-934B-706DE84D4508}"
	ProjectSection(ProjectDependencies) = postProject
		{5210DF0B-3AD1-444A-8C79-38821577788C} = {5210DF0B-3AD1-444A-8C79-38821577788C}
		{5C393494-8524-49FF-9978-BA2B8FA228B7} = {5C393494-8524-49FF-9978-BA2B8FA228B7}
	EndProjectSection
EndProject
Project("{FAE04EC0-301F-11D3-BF4B-00C04F79EFBC}") = "RI.Framework.Extensions.Json", "RI.Framework.Extensions.Json\RI.Framework.Extensions.Json.csproj", "{9677D921-F867-4E57-95B5-AE3CA62E43B2}"
	ProjectSection(ProjectDependencies) = postProject
		{5210DF0B-3AD1-444A-8C79-38821577788C} = {5210DF0B-3AD1-444A-8C79-38821577788C}
		{5C393494-8524-49FF-9978-BA2B8FA228B7} = {5C393494-8524-49FF-9978-BA2B8FA228B7}
	EndProjectSection
EndProject
Project("{FAE04EC0-301F-11D3-BF4B-00C04F79EFBC}") = "RI.Framework.Extensions.NancyJson", "RI.Framework.Extensions.NancyJson\RI.Framework.Extensions.NancyJson.csproj", "{D23FD87B-33C5-4BD5-9FAB-A92B885C3E90}"
	ProjectSection(ProjectDependencies) = postProject
		{5210DF0B-3AD1-444A-8C79-38821577788C} = {5210DF0B-3AD1-444A-8C79-38821577788C}
		{5C393494-8524-49FF-9978-BA2B8FA228B7} = {5C393494-8524-49FF-9978-BA2B8FA228B7}
	EndProjectSection
EndProject
Project("{FAE04EC0-301F-11D3-BF4B-00C04F79EFBC}") = "RI.Framework.Extensions.EPPlus", "RI.Framework.Extensions.EPPlus\RI.Framework.Extensions.EPPlus.csproj", "{A744C2DB-54FF-46C5-84BD-4482F056FDA6}"
	ProjectSection(ProjectDependencies) = postProject
		{5210DF0B-3AD1-444A-8C79-38821577788C} = {5210DF0B-3AD1-444A-8C79-38821577788C}
		{5C393494-8524-49FF-9978-BA2B8FA228B7} = {5C393494-8524-49FF-9978-BA2B8FA228B7}
	EndProjectSection
EndProject
Project("{FAE04EC0-301F-11D3-BF4B-00C04F79EFBC}") = "RI.Tools.Framework.LogViewer", "RI.Tools.Framework.LogViewer\RI.Tools.Framework.LogViewer.csproj", "{D547FEBD-21C3-4344-9B71-EFC7F8FF6F9C}"
	ProjectSection(ProjectDependencies) = postProject
		{5C393494-8524-49FF-9978-BA2B8FA228B7} = {5C393494-8524-49FF-9978-BA2B8FA228B7}
	EndProjectSection
EndProject
Project("{FAE04EC0-301F-11D3-BF4B-00C04F79EFBC}") = "RI.Framework.Extensions.WpfToolkit", "RI.Framework.Extensions.WpfToolkit\RI.Framework.Extensions.WpfToolkit.csproj", "{1AD143FE-49AC-4E02-A0FA-C2E6FF4280F5}"
	ProjectSection(ProjectDependencies) = postProject
		{5210DF0B-3AD1-444A-8C79-38821577788C} = {5210DF0B-3AD1-444A-8C79-38821577788C}
		{5C393494-8524-49FF-9978-BA2B8FA228B7} = {5C393494-8524-49FF-9978-BA2B8FA228B7}
	EndProjectSection
EndProject
Project("{FAE04EC0-301F-11D3-BF4B-00C04F79EFBC}") = "RI.Framework.Extensions.DotNetZip", "RI.Framework.Extensions.DotNetZip\RI.Framework.Extensions.DotNetZip.csproj", "{DB979B3B-AEE2-4E0E-BF14-D635B059206D}"
	ProjectSection(ProjectDependencies) = postProject
		{5210DF0B-3AD1-444A-8C79-38821577788C} = {5210DF0B-3AD1-444A-8C79-38821577788C}
		{5C393494-8524-49FF-9978-BA2B8FA228B7} = {5C393494-8524-49FF-9978-BA2B8FA228B7}
	EndProjectSection
EndProject
Project("{FAE04EC0-301F-11D3-BF4B-00C04F79EFBC}") = "RI.Solution.Framework.PreBuild", "RI.Solution.Framework.PreBuild\RI.Solution.Framework.PreBuild.csproj", "{5C393494-8524-49FF-9978-BA2B8FA228B7}"
EndProject
Project("{FAE04EC0-301F-11D3-BF4B-00C04F79EFBC}") = "RI.Solution.Framework.PostBuild", "RI.Solution.Framework.PostBuild\RI.Solution.Framework.PostBuild.csproj", "{3A951069-CF17-45EA-AAAA-8ED7756AA394}"
	ProjectSection(ProjectDependencies) = postProject
		{5210DF0B-3AD1-444A-8C79-38821577788C} = {5210DF0B-3AD1-444A-8C79-38821577788C}
		{EC0E161F-F9C9-4DE2-8A00-DA16E0957191} = {EC0E161F-F9C9-4DE2-8A00-DA16E0957191}
		{9677D921-F867-4E57-95B5-AE3CA62E43B2} = {9677D921-F867-4E57-95B5-AE3CA62E43B2}
		{A7F5DD2F-63BF-4032-AD1E-14D211E0D3ED} = {A7F5DD2F-63BF-4032-AD1E-14D211E0D3ED}
		{32368735-BA73-45B2-9F24-ABA7F6099508} = {32368735-BA73-45B2-9F24-ABA7F6099508}
		{DB979B3B-AEE2-4E0E-BF14-D635B059206D} = {DB979B3B-AEE2-4E0E-BF14-D635B059206D}
		{0563B040-9EE7-4963-8321-D328EDE5FAE1} = {0563B040-9EE7-4963-8321-D328EDE5FAE1}
		{CD9C2847-A48F-45E1-908F-3F9A86EE0E37} = {CD9C2847-A48F-45E1-908F-3F9A86EE0E37}
		{76BDCD48-9CC7-45B2-B5D5-224BAA70A7EB} = {76BDCD48-9CC7-45B2-B5D5-224BAA70A7EB}
		{D5BF9549-AEB4-4A21-ACA0-591131018428} = {D5BF9549-AEB4-4A21-ACA0-591131018428}
		{4CDB344E-5D01-43EA-801A-AE66846613C0} = {4CDB344E-5D01-43EA-801A-AE66846613C0}
		{EAB3A05A-77DC-4B29-B014-370E8E4C90A4} = {EAB3A05A-77DC-4B29-B014-370E8E4C90A4}
		{36E8EB66-9A69-41EA-A7F8-45BA5299A03F} = {36E8EB66-9A69-41EA-A7F8-45BA5299A03F}
		{CB4BB068-91A4-44CD-94BC-13D1C5542C5B} = {CB4BB068-91A4-44CD-94BC-13D1C5542C5B}
		{349D4C73-3C31-430A-8AD2-ED3D95FE6CEA} = {349D4C73-3C31-430A-8AD2-ED3D95FE6CEA}
		{0CE71375-77BE-427A-822D-7BF17C7A3BC5} = {0CE71375-77BE-427A-822D-7BF17C7A3BC5}
		{D23FD87B-33C5-4BD5-9FAB-A92B885C3E90} = {D23FD87B-33C5-4BD5-9FAB-A92B885C3E90}
		{9AE61682-B33C-4814-BAE5-771008CA4147} = {9AE61682-B33C-4814-BAE5-771008CA4147}
		{F0017883-0BCA-4B15-AE3C-1D0580152506} = {F0017883-0BCA-4B15-AE3C-1D0580152506}
		{CFB1848C-0CFC-4F07-A7C4-BC88FD662E8C} = {CFB1848C-0CFC-4F07-A7C4-BC88FD662E8C}
		{7CD5C68C-51E2-47DD-8BE3-B71848CF4964} = {7CD5C68C-51E2-47DD-8BE3-B71848CF4964}
		{C0BB3E8E-6139-4767-A8AB-62D2F4432E12} = {C0BB3E8E-6139-4767-A8AB-62D2F4432E12}
		{5C393494-8524-49FF-9978-BA2B8FA228B7} = {5C393494-8524-49FF-9978-BA2B8FA228B7}
		{FE294A9B-A865-4E83-934B-706DE84D4508} = {FE294A9B-A865-4E83-934B-706DE84D4508}
		{EC687B9B-0203-440F-88D6-FCF74201F271} = {EC687B9B-0203-440F-88D6-FCF74201F271}
		{968509A4-4BD4-4E94-9A7F-ABC422F974B8} = {968509A4-4BD4-4E94-9A7F-ABC422F974B8}
		{01DFC9AF-FEA4-4996-BCEF-BC6E878C5C2A} = {01DFC9AF-FEA4-4996-BCEF-BC6E878C5C2A}
		{D547FEBD-21C3-4344-9B71-EFC7F8FF6F9C} = {D547FEBD-21C3-4344-9B71-EFC7F8FF6F9C}
		{BEA7ACCD-752E-4BE7-93F3-491CD5A7E02D} = {BEA7ACCD-752E-4BE7-93F3-491CD5A7E02D}
		{612277CE-E2C4-41D2-99A0-CB6E084A713F} = {612277CE-E2C4-41D2-99A0-CB6E084A713F}
		{A52DCED6-1ED6-4301-929C-F9CAEE3EEADE} = {A52DCED6-1ED6-4301-929C-F9CAEE3EEADE}
		{A744C2DB-54FF-46C5-84BD-4482F056FDA6} = {A744C2DB-54FF-46C5-84BD-4482F056FDA6}
		{FB40A2DF-A02D-419F-8187-B75886EA2910} = {FB40A2DF-A02D-419F-8187-B75886EA2910}
		{B8D1A4E0-E7F2-4804-8181-BC4437601FBA} = {B8D1A4E0-E7F2-4804-8181-BC4437601FBA}
		{1AD143FE-49AC-4E02-A0FA-C2E6FF4280F5} = {1AD143FE-49AC-4E02-A0FA-C2E6FF4280F5}
	EndProjectSection
EndProject
Project("{2150E333-8FDC-42A3-9474-1A3956D46DE8}") = "11-Base", "11-Base", "{5A3C0A4E-D0B1-449F-81D2-F81C62F85D3E}"
EndProject
Project("{2150E333-8FDC-42A3-9474-1A3956D46DE8}") = "13-Windows", "13-Windows", "{445DC0BF-BB4D-4571-8B96-68ED9DBA49AC}"
EndProject
Project("{2150E333-8FDC-42A3-9474-1A3956D46DE8}") = "14-Linux", "14-Linux", "{4D7002F3-8151-4B43-B063-84B7C935F7E2}"
EndProject
Project("{2150E333-8FDC-42A3-9474-1A3956D46DE8}") = "A-Libraries", "A-Libraries", "{CFD6DFF4-35C3-4B6E-BED2-2FE1159B2275}"
EndProject
Project("{FAE04EC0-301F-11D3-BF4B-00C04F79EFBC}") = "RI.Libraries.Framework.ThirdParty", "RI.Libraries.Framework.ThirdParty\RI.Libraries.Framework.ThirdParty.csproj", "{76BDCD48-9CC7-45B2-B5D5-224BAA70A7EB}"
	ProjectSection(ProjectDependencies) = postProject
		{5210DF0B-3AD1-444A-8C79-38821577788C} = {5210DF0B-3AD1-444A-8C79-38821577788C}
		{EC0E161F-F9C9-4DE2-8A00-DA16E0957191} = {EC0E161F-F9C9-4DE2-8A00-DA16E0957191}
		{9677D921-F867-4E57-95B5-AE3CA62E43B2} = {9677D921-F867-4E57-95B5-AE3CA62E43B2}
		{A7F5DD2F-63BF-4032-AD1E-14D211E0D3ED} = {A7F5DD2F-63BF-4032-AD1E-14D211E0D3ED}
		{32368735-BA73-45B2-9F24-ABA7F6099508} = {32368735-BA73-45B2-9F24-ABA7F6099508}
		{DB979B3B-AEE2-4E0E-BF14-D635B059206D} = {DB979B3B-AEE2-4E0E-BF14-D635B059206D}
		{0563B040-9EE7-4963-8321-D328EDE5FAE1} = {0563B040-9EE7-4963-8321-D328EDE5FAE1}
		{CD9C2847-A48F-45E1-908F-3F9A86EE0E37} = {CD9C2847-A48F-45E1-908F-3F9A86EE0E37}
		{D5BF9549-AEB4-4A21-ACA0-591131018428} = {D5BF9549-AEB4-4A21-ACA0-591131018428}
		{4CDB344E-5D01-43EA-801A-AE66846613C0} = {4CDB344E-5D01-43EA-801A-AE66846613C0}
		{EAB3A05A-77DC-4B29-B014-370E8E4C90A4} = {EAB3A05A-77DC-4B29-B014-370E8E4C90A4}
		{36E8EB66-9A69-41EA-A7F8-45BA5299A03F} = {36E8EB66-9A69-41EA-A7F8-45BA5299A03F}
		{CB4BB068-91A4-44CD-94BC-13D1C5542C5B} = {CB4BB068-91A4-44CD-94BC-13D1C5542C5B}
		{D23FD87B-33C5-4BD5-9FAB-A92B885C3E90} = {D23FD87B-33C5-4BD5-9FAB-A92B885C3E90}
		{9AE61682-B33C-4814-BAE5-771008CA4147} = {9AE61682-B33C-4814-BAE5-771008CA4147}
		{F0017883-0BCA-4B15-AE3C-1D0580152506} = {F0017883-0BCA-4B15-AE3C-1D0580152506}
		{CFB1848C-0CFC-4F07-A7C4-BC88FD662E8C} = {CFB1848C-0CFC-4F07-A7C4-BC88FD662E8C}
		{7CD5C68C-51E2-47DD-8BE3-B71848CF4964} = {7CD5C68C-51E2-47DD-8BE3-B71848CF4964}
		{5C393494-8524-49FF-9978-BA2B8FA228B7} = {5C393494-8524-49FF-9978-BA2B8FA228B7}
		{FE294A9B-A865-4E83-934B-706DE84D4508} = {FE294A9B-A865-4E83-934B-706DE84D4508}
		{EC687B9B-0203-440F-88D6-FCF74201F271} = {EC687B9B-0203-440F-88D6-FCF74201F271}
		{01DFC9AF-FEA4-4996-BCEF-BC6E878C5C2A} = {01DFC9AF-FEA4-4996-BCEF-BC6E878C5C2A}
		{D547FEBD-21C3-4344-9B71-EFC7F8FF6F9C} = {D547FEBD-21C3-4344-9B71-EFC7F8FF6F9C}
		{612277CE-E2C4-41D2-99A0-CB6E084A713F} = {612277CE-E2C4-41D2-99A0-CB6E084A713F}
		{A52DCED6-1ED6-4301-929C-F9CAEE3EEADE} = {A52DCED6-1ED6-4301-929C-F9CAEE3EEADE}
		{A744C2DB-54FF-46C5-84BD-4482F056FDA6} = {A744C2DB-54FF-46C5-84BD-4482F056FDA6}
		{FB40A2DF-A02D-419F-8187-B75886EA2910} = {FB40A2DF-A02D-419F-8187-B75886EA2910}
		{B8D1A4E0-E7F2-4804-8181-BC4437601FBA} = {B8D1A4E0-E7F2-4804-8181-BC4437601FBA}
		{1AD143FE-49AC-4E02-A0FA-C2E6FF4280F5} = {1AD143FE-49AC-4E02-A0FA-C2E6FF4280F5}
	EndProjectSection
EndProject
Project("{FAE04EC0-301F-11D3-BF4B-00C04F79EFBC}") = "RI.Libraries.Framework.NuGet", "RI.Libraries.Framework.NuGet\RI.Libraries.Framework.NuGet.csproj", "{C0BB3E8E-6139-4767-A8AB-62D2F4432E12}"
	ProjectSection(ProjectDependencies) = postProject
		{5210DF0B-3AD1-444A-8C79-38821577788C} = {5210DF0B-3AD1-444A-8C79-38821577788C}
		{EC0E161F-F9C9-4DE2-8A00-DA16E0957191} = {EC0E161F-F9C9-4DE2-8A00-DA16E0957191}
		{9677D921-F867-4E57-95B5-AE3CA62E43B2} = {9677D921-F867-4E57-95B5-AE3CA62E43B2}
		{A7F5DD2F-63BF-4032-AD1E-14D211E0D3ED} = {A7F5DD2F-63BF-4032-AD1E-14D211E0D3ED}
		{32368735-BA73-45B2-9F24-ABA7F6099508} = {32368735-BA73-45B2-9F24-ABA7F6099508}
		{DB979B3B-AEE2-4E0E-BF14-D635B059206D} = {DB979B3B-AEE2-4E0E-BF14-D635B059206D}
		{0563B040-9EE7-4963-8321-D328EDE5FAE1} = {0563B040-9EE7-4963-8321-D328EDE5FAE1}
		{CD9C2847-A48F-45E1-908F-3F9A86EE0E37} = {CD9C2847-A48F-45E1-908F-3F9A86EE0E37}
		{D5BF9549-AEB4-4A21-ACA0-591131018428} = {D5BF9549-AEB4-4A21-ACA0-591131018428}
		{4CDB344E-5D01-43EA-801A-AE66846613C0} = {4CDB344E-5D01-43EA-801A-AE66846613C0}
		{EAB3A05A-77DC-4B29-B014-370E8E4C90A4} = {EAB3A05A-77DC-4B29-B014-370E8E4C90A4}
		{36E8EB66-9A69-41EA-A7F8-45BA5299A03F} = {36E8EB66-9A69-41EA-A7F8-45BA5299A03F}
		{CB4BB068-91A4-44CD-94BC-13D1C5542C5B} = {CB4BB068-91A4-44CD-94BC-13D1C5542C5B}
		{D23FD87B-33C5-4BD5-9FAB-A92B885C3E90} = {D23FD87B-33C5-4BD5-9FAB-A92B885C3E90}
		{9AE61682-B33C-4814-BAE5-771008CA4147} = {9AE61682-B33C-4814-BAE5-771008CA4147}
		{F0017883-0BCA-4B15-AE3C-1D0580152506} = {F0017883-0BCA-4B15-AE3C-1D0580152506}
		{CFB1848C-0CFC-4F07-A7C4-BC88FD662E8C} = {CFB1848C-0CFC-4F07-A7C4-BC88FD662E8C}
		{7CD5C68C-51E2-47DD-8BE3-B71848CF4964} = {7CD5C68C-51E2-47DD-8BE3-B71848CF4964}
		{5C393494-8524-49FF-9978-BA2B8FA228B7} = {5C393494-8524-49FF-9978-BA2B8FA228B7}
		{FE294A9B-A865-4E83-934B-706DE84D4508} = {FE294A9B-A865-4E83-934B-706DE84D4508}
		{EC687B9B-0203-440F-88D6-FCF74201F271} = {EC687B9B-0203-440F-88D6-FCF74201F271}
		{01DFC9AF-FEA4-4996-BCEF-BC6E878C5C2A} = {01DFC9AF-FEA4-4996-BCEF-BC6E878C5C2A}
		{D547FEBD-21C3-4344-9B71-EFC7F8FF6F9C} = {D547FEBD-21C3-4344-9B71-EFC7F8FF6F9C}
		{612277CE-E2C4-41D2-99A0-CB6E084A713F} = {612277CE-E2C4-41D2-99A0-CB6E084A713F}
		{A52DCED6-1ED6-4301-929C-F9CAEE3EEADE} = {A52DCED6-1ED6-4301-929C-F9CAEE3EEADE}
		{A744C2DB-54FF-46C5-84BD-4482F056FDA6} = {A744C2DB-54FF-46C5-84BD-4482F056FDA6}
		{FB40A2DF-A02D-419F-8187-B75886EA2910} = {FB40A2DF-A02D-419F-8187-B75886EA2910}
		{B8D1A4E0-E7F2-4804-8181-BC4437601FBA} = {B8D1A4E0-E7F2-4804-8181-BC4437601FBA}
		{1AD143FE-49AC-4E02-A0FA-C2E6FF4280F5} = {1AD143FE-49AC-4E02-A0FA-C2E6FF4280F5}
	EndProjectSection
EndProject
Project("{2150E333-8FDC-42A3-9474-1A3956D46DE8}") = "E-Packages", "E-Packages", "{9394C280-2CF5-48CD-A9F8-A52B14F5D82D}"
EndProject
Project("{2150E333-8FDC-42A3-9474-1A3956D46DE8}") = "Settings", "Settings", "{88929AD5-F3E4-487C-AB4D-8242AACE01B8}"
	ProjectSection(SolutionItems) = preProject
		.gitignore = .gitignore
		RI.Framework.sln.DotSettings = RI.Framework.sln.DotSettings
	EndProjectSection
EndProject
Project("{2150E333-8FDC-42A3-9474-1A3956D46DE8}") = "Definitions", "Definitions", "{4CF0B8AE-85C5-4E4E-8B1E-DAF7C963CCB0}"
	ProjectSection(SolutionItems) = preProject
		SolutionInfo.cs = SolutionInfo.cs
		SolutionName.snk = SolutionName.snk
		SolutionProperty.Company.txt = SolutionProperty.Company.txt
		SolutionProperty.Copyright.txt = SolutionProperty.Copyright.txt
		SolutionProperty.Product.txt = SolutionProperty.Product.txt
		SolutionProperty.Trademark.txt = SolutionProperty.Trademark.txt
		SolutionProperty.Version.txt = SolutionProperty.Version.txt
	EndProjectSection
EndProject
Project("{2150E333-8FDC-42A3-9474-1A3956D46DE8}") = "Documents", "Documents", "{257A9E18-0120-4A5B-8C00-CE7817FBC254}"
	ProjectSection(SolutionItems) = preProject
		CONTRIBUTION.md = CONTRIBUTION.md
		DOCUMENTATION.md = DOCUMENTATION.md
		LICENSE.txt = LICENSE.txt
		README.md = README.md
	EndProjectSection
EndProject
Project("{FAE04EC0-301F-11D3-BF4B-00C04F79EFBC}") = "RI.Framework.Extensions.BouncyCastle", "RI.Framework.Extensions.BouncyCastle\RI.Framework.Extensions.BouncyCastle.csproj", "{EC687B9B-0203-440F-88D6-FCF74201F271}"
	ProjectSection(ProjectDependencies) = postProject
		{5210DF0B-3AD1-444A-8C79-38821577788C} = {5210DF0B-3AD1-444A-8C79-38821577788C}
		{5C393494-8524-49FF-9978-BA2B8FA228B7} = {5C393494-8524-49FF-9978-BA2B8FA228B7}
	EndProjectSection
EndProject
Global
	GlobalSection(SharedMSBuildProjectFiles) = preSolution
		RI.Framework.Common\RI.Framework.Common.projitems*{0de0d41d-b3c7-4eb5-a76e-62fc4ca9cb30}*SharedItemsImports = 13
		RI.Test.Framework.Common\RI.Test.Framework.Common.projitems*{32368735-ba73-45b2-9f24-aba7f6099508}*SharedItemsImports = 4
		RI.Framework.Common\RI.Framework.Common.projitems*{36e8eb66-9a69-41ea-a7f8-45ba5299a03f}*SharedItemsImports = 4
		RI.Framework.Common\RI.Framework.Common.projitems*{a7f5dd2f-63bf-4032-ad1e-14d211e0d3ed}*SharedItemsImports = 4
		RI.Test.Framework.Common\RI.Test.Framework.Common.projitems*{cb4bb068-91a4-44cd-94bc-13d1c5542c5b}*SharedItemsImports = 4
		RI.Test.Framework.Common\RI.Test.Framework.Common.projitems*{d002cc0c-2a9c-4731-a3e6-dffa517e3bd9}*SharedItemsImports = 13
	EndGlobalSection
	GlobalSection(SolutionConfigurationPlatforms) = preSolution
		Debug|Any CPU = Debug|Any CPU
		Release|Any CPU = Release|Any CPU
	EndGlobalSection
	GlobalSection(ProjectConfigurationPlatforms) = postSolution
		{36E8EB66-9A69-41EA-A7F8-45BA5299A03F}.Debug|Any CPU.ActiveCfg = Debug|Any CPU
		{36E8EB66-9A69-41EA-A7F8-45BA5299A03F}.Debug|Any CPU.Build.0 = Debug|Any CPU
		{36E8EB66-9A69-41EA-A7F8-45BA5299A03F}.Release|Any CPU.ActiveCfg = Release|Any CPU
		{36E8EB66-9A69-41EA-A7F8-45BA5299A03F}.Release|Any CPU.Build.0 = Release|Any CPU
		{32368735-BA73-45B2-9F24-ABA7F6099508}.Debug|Any CPU.ActiveCfg = Debug|Any CPU
		{32368735-BA73-45B2-9F24-ABA7F6099508}.Debug|Any CPU.Build.0 = Debug|Any CPU
		{32368735-BA73-45B2-9F24-ABA7F6099508}.Release|Any CPU.ActiveCfg = Release|Any CPU
		{32368735-BA73-45B2-9F24-ABA7F6099508}.Release|Any CPU.Build.0 = Release|Any CPU
		{968509A4-4BD4-4E94-9A7F-ABC422F974B8}.Debug|Any CPU.ActiveCfg = Debug|Any CPU
		{968509A4-4BD4-4E94-9A7F-ABC422F974B8}.Release|Any CPU.ActiveCfg = Release|Any CPU
		{BEA7ACCD-752E-4BE7-93F3-491CD5A7E02D}.Debug|Any CPU.ActiveCfg = Debug|Any CPU
		{BEA7ACCD-752E-4BE7-93F3-491CD5A7E02D}.Release|Any CPU.ActiveCfg = Release|Any CPU
		{9AE61682-B33C-4814-BAE5-771008CA4147}.Debug|Any CPU.ActiveCfg = Debug|Any CPU
		{9AE61682-B33C-4814-BAE5-771008CA4147}.Debug|Any CPU.Build.0 = Debug|Any CPU
		{9AE61682-B33C-4814-BAE5-771008CA4147}.Release|Any CPU.ActiveCfg = Release|Any CPU
		{9AE61682-B33C-4814-BAE5-771008CA4147}.Release|Any CPU.Build.0 = Release|Any CPU
		{0563B040-9EE7-4963-8321-D328EDE5FAE1}.Debug|Any CPU.ActiveCfg = Debug|Any CPU
		{0563B040-9EE7-4963-8321-D328EDE5FAE1}.Debug|Any CPU.Build.0 = Debug|Any CPU
		{0563B040-9EE7-4963-8321-D328EDE5FAE1}.Release|Any CPU.ActiveCfg = Release|Any CPU
		{0563B040-9EE7-4963-8321-D328EDE5FAE1}.Release|Any CPU.Build.0 = Release|Any CPU
		{A7F5DD2F-63BF-4032-AD1E-14D211E0D3ED}.Debug|Any CPU.ActiveCfg = Debug|Any CPU
		{A7F5DD2F-63BF-4032-AD1E-14D211E0D3ED}.Debug|Any CPU.Build.0 = Debug|Any CPU
		{A7F5DD2F-63BF-4032-AD1E-14D211E0D3ED}.Release|Any CPU.ActiveCfg = Release|Any CPU
		{A7F5DD2F-63BF-4032-AD1E-14D211E0D3ED}.Release|Any CPU.Build.0 = Release|Any CPU
		{0CE71375-77BE-427A-822D-7BF17C7A3BC5}.Debug|Any CPU.ActiveCfg = Debug|Any CPU
		{0CE71375-77BE-427A-822D-7BF17C7A3BC5}.Release|Any CPU.ActiveCfg = Release|Any CPU
		{CB4BB068-91A4-44CD-94BC-13D1C5542C5B}.Debug|Any CPU.ActiveCfg = Debug|Any CPU
		{CB4BB068-91A4-44CD-94BC-13D1C5542C5B}.Debug|Any CPU.Build.0 = Debug|Any CPU
		{CB4BB068-91A4-44CD-94BC-13D1C5542C5B}.Release|Any CPU.ActiveCfg = Release|Any CPU
		{CB4BB068-91A4-44CD-94BC-13D1C5542C5B}.Release|Any CPU.Build.0 = Release|Any CPU
		{D5BF9549-AEB4-4A21-ACA0-591131018428}.Debug|Any CPU.ActiveCfg = Debug|Any CPU
		{D5BF9549-AEB4-4A21-ACA0-591131018428}.Debug|Any CPU.Build.0 = Debug|Any CPU
		{D5BF9549-AEB4-4A21-ACA0-591131018428}.Release|Any CPU.ActiveCfg = Release|Any CPU
		{D5BF9549-AEB4-4A21-ACA0-591131018428}.Release|Any CPU.Build.0 = Release|Any CPU
		{01DFC9AF-FEA4-4996-BCEF-BC6E878C5C2A}.Debug|Any CPU.ActiveCfg = Debug|Any CPU
		{01DFC9AF-FEA4-4996-BCEF-BC6E878C5C2A}.Debug|Any CPU.Build.0 = Debug|Any CPU
		{01DFC9AF-FEA4-4996-BCEF-BC6E878C5C2A}.Release|Any CPU.ActiveCfg = Release|Any CPU
		{01DFC9AF-FEA4-4996-BCEF-BC6E878C5C2A}.Release|Any CPU.Build.0 = Release|Any CPU
		{CD9C2847-A48F-45E1-908F-3F9A86EE0E37}.Debug|Any CPU.ActiveCfg = Debug|Any CPU
		{CD9C2847-A48F-45E1-908F-3F9A86EE0E37}.Debug|Any CPU.Build.0 = Debug|Any CPU
		{CD9C2847-A48F-45E1-908F-3F9A86EE0E37}.Release|Any CPU.ActiveCfg = Release|Any CPU
		{CD9C2847-A48F-45E1-908F-3F9A86EE0E37}.Release|Any CPU.Build.0 = Release|Any CPU
		{F0017883-0BCA-4B15-AE3C-1D0580152506}.Debug|Any CPU.ActiveCfg = Debug|Any CPU
		{F0017883-0BCA-4B15-AE3C-1D0580152506}.Debug|Any CPU.Build.0 = Debug|Any CPU
		{F0017883-0BCA-4B15-AE3C-1D0580152506}.Release|Any CPU.ActiveCfg = Release|Any CPU
		{F0017883-0BCA-4B15-AE3C-1D0580152506}.Release|Any CPU.Build.0 = Release|Any CPU
		{A52DCED6-1ED6-4301-929C-F9CAEE3EEADE}.Debug|Any CPU.ActiveCfg = Debug|Any CPU
		{A52DCED6-1ED6-4301-929C-F9CAEE3EEADE}.Debug|Any CPU.Build.0 = Debug|Any CPU
		{A52DCED6-1ED6-4301-929C-F9CAEE3EEADE}.Release|Any CPU.ActiveCfg = Release|Any CPU
		{A52DCED6-1ED6-4301-929C-F9CAEE3EEADE}.Release|Any CPU.Build.0 = Release|Any CPU
		{7CD5C68C-51E2-47DD-8BE3-B71848CF4964}.Debug|Any CPU.ActiveCfg = Debug|Any CPU
		{7CD5C68C-51E2-47DD-8BE3-B71848CF4964}.Debug|Any CPU.Build.0 = Debug|Any CPU
		{7CD5C68C-51E2-47DD-8BE3-B71848CF4964}.Release|Any CPU.ActiveCfg = Release|Any CPU
		{7CD5C68C-51E2-47DD-8BE3-B71848CF4964}.Release|Any CPU.Build.0 = Release|Any CPU
		{4CDB344E-5D01-43EA-801A-AE66846613C0}.Debug|Any CPU.ActiveCfg = Debug|Any CPU
		{4CDB344E-5D01-43EA-801A-AE66846613C0}.Debug|Any CPU.Build.0 = Debug|Any CPU
		{4CDB344E-5D01-43EA-801A-AE66846613C0}.Release|Any CPU.ActiveCfg = Release|Any CPU
		{4CDB344E-5D01-43EA-801A-AE66846613C0}.Release|Any CPU.Build.0 = Release|Any CPU
		{EC0E161F-F9C9-4DE2-8A00-DA16E0957191}.Debug|Any CPU.ActiveCfg = Debug|Any CPU
		{EC0E161F-F9C9-4DE2-8A00-DA16E0957191}.Debug|Any CPU.Build.0 = Debug|Any CPU
		{EC0E161F-F9C9-4DE2-8A00-DA16E0957191}.Release|Any CPU.ActiveCfg = Release|Any CPU
		{EC0E161F-F9C9-4DE2-8A00-DA16E0957191}.Release|Any CPU.Build.0 = Release|Any CPU
		{CFB1848C-0CFC-4F07-A7C4-BC88FD662E8C}.Debug|Any CPU.ActiveCfg = Debug|Any CPU
		{CFB1848C-0CFC-4F07-A7C4-BC88FD662E8C}.Debug|Any CPU.Build.0 = Debug|Any CPU
		{CFB1848C-0CFC-4F07-A7C4-BC88FD662E8C}.Release|Any CPU.ActiveCfg = Release|Any CPU
		{CFB1848C-0CFC-4F07-A7C4-BC88FD662E8C}.Release|Any CPU.Build.0 = Release|Any CPU
		{5210DF0B-3AD1-444A-8C79-38821577788C}.Debug|Any CPU.ActiveCfg = Debug|Any CPU
		{5210DF0B-3AD1-444A-8C79-38821577788C}.Debug|Any CPU.Build.0 = Debug|Any CPU
		{5210DF0B-3AD1-444A-8C79-38821577788C}.Release|Any CPU.ActiveCfg = Release|Any CPU
		{5210DF0B-3AD1-444A-8C79-38821577788C}.Release|Any CPU.Build.0 = Release|Any CPU
		{349D4C73-3C31-430A-8AD2-ED3D95FE6CEA}.Debug|Any CPU.ActiveCfg = Debug|Any CPU
		{349D4C73-3C31-430A-8AD2-ED3D95FE6CEA}.Release|Any CPU.ActiveCfg = Release|Any CPU
		{B8D1A4E0-E7F2-4804-8181-BC4437601FBA}.Debug|Any CPU.ActiveCfg = Debug|Any CPU
		{B8D1A4E0-E7F2-4804-8181-BC4437601FBA}.Debug|Any CPU.Build.0 = Debug|Any CPU
		{B8D1A4E0-E7F2-4804-8181-BC4437601FBA}.Release|Any CPU.ActiveCfg = Release|Any CPU
		{B8D1A4E0-E7F2-4804-8181-BC4437601FBA}.Release|Any CPU.Build.0 = Release|Any CPU
		{FB40A2DF-A02D-419F-8187-B75886EA2910}.Debug|Any CPU.ActiveCfg = Debug|Any CPU
		{FB40A2DF-A02D-419F-8187-B75886EA2910}.Debug|Any CPU.Build.0 = Debug|Any CPU
		{FB40A2DF-A02D-419F-8187-B75886EA2910}.Release|Any CPU.ActiveCfg = Release|Any CPU
		{FB40A2DF-A02D-419F-8187-B75886EA2910}.Release|Any CPU.Build.0 = Release|Any CPU
		{612277CE-E2C4-41D2-99A0-CB6E084A713F}.Debug|Any CPU.ActiveCfg = Debug|Any CPU
		{612277CE-E2C4-41D2-99A0-CB6E084A713F}.Debug|Any CPU.Build.0 = Debug|Any CPU
		{612277CE-E2C4-41D2-99A0-CB6E084A713F}.Release|Any CPU.ActiveCfg = Release|Any CPU
		{612277CE-E2C4-41D2-99A0-CB6E084A713F}.Release|Any CPU.Build.0 = Release|Any CPU
		{EAB3A05A-77DC-4B29-B014-370E8E4C90A4}.Debug|Any CPU.ActiveCfg = Debug|Any CPU
		{EAB3A05A-77DC-4B29-B014-370E8E4C90A4}.Debug|Any CPU.Build.0 = Debug|Any CPU
		{EAB3A05A-77DC-4B29-B014-370E8E4C90A4}.Release|Any CPU.ActiveCfg = Release|Any CPU
		{EAB3A05A-77DC-4B29-B014-370E8E4C90A4}.Release|Any CPU.Build.0 = Release|Any CPU
		{FE294A9B-A865-4E83-934B-706DE84D4508}.Debug|Any CPU.ActiveCfg = Debug|Any CPU
		{FE294A9B-A865-4E83-934B-706DE84D4508}.Debug|Any CPU.Build.0 = Debug|Any CPU
		{FE294A9B-A865-4E83-934B-706DE84D4508}.Release|Any CPU.ActiveCfg = Release|Any CPU
		{FE294A9B-A865-4E83-934B-706DE84D4508}.Release|Any CPU.Build.0 = Release|Any CPU
		{9677D921-F867-4E57-95B5-AE3CA62E43B2}.Debug|Any CPU.ActiveCfg = Debug|Any CPU
		{9677D921-F867-4E57-95B5-AE3CA62E43B2}.Debug|Any CPU.Build.0 = Debug|Any CPU
		{9677D921-F867-4E57-95B5-AE3CA62E43B2}.Release|Any CPU.ActiveCfg = Release|Any CPU
		{9677D921-F867-4E57-95B5-AE3CA62E43B2}.Release|Any CPU.Build.0 = Release|Any CPU
		{D23FD87B-33C5-4BD5-9FAB-A92B885C3E90}.Debug|Any CPU.ActiveCfg = Debug|Any CPU
		{D23FD87B-33C5-4BD5-9FAB-A92B885C3E90}.Debug|Any CPU.Build.0 = Debug|Any CPU
		{D23FD87B-33C5-4BD5-9FAB-A92B885C3E90}.Release|Any CPU.ActiveCfg = Release|Any CPU
		{D23FD87B-33C5-4BD5-9FAB-A92B885C3E90}.Release|Any CPU.Build.0 = Release|Any CPU
		{A744C2DB-54FF-46C5-84BD-4482F056FDA6}.Debug|Any CPU.ActiveCfg = Debug|Any CPU
		{A744C2DB-54FF-46C5-84BD-4482F056FDA6}.Debug|Any CPU.Build.0 = Debug|Any CPU
		{A744C2DB-54FF-46C5-84BD-4482F056FDA6}.Release|Any CPU.ActiveCfg = Release|Any CPU
		{A744C2DB-54FF-46C5-84BD-4482F056FDA6}.Release|Any CPU.Build.0 = Release|Any CPU
		{D547FEBD-21C3-4344-9B71-EFC7F8FF6F9C}.Debug|Any CPU.ActiveCfg = Debug|Any CPU
		{D547FEBD-21C3-4344-9B71-EFC7F8FF6F9C}.Debug|Any CPU.Build.0 = Debug|Any CPU
		{D547FEBD-21C3-4344-9B71-EFC7F8FF6F9C}.Release|Any CPU.ActiveCfg = Release|Any CPU
		{D547FEBD-21C3-4344-9B71-EFC7F8FF6F9C}.Release|Any CPU.Build.0 = Release|Any CPU
		{1AD143FE-49AC-4E02-A0FA-C2E6FF4280F5}.Debug|Any CPU.ActiveCfg = Debug|Any CPU
		{1AD143FE-49AC-4E02-A0FA-C2E6FF4280F5}.Debug|Any CPU.Build.0 = Debug|Any CPU
		{1AD143FE-49AC-4E02-A0FA-C2E6FF4280F5}.Release|Any CPU.ActiveCfg = Release|Any CPU
		{1AD143FE-49AC-4E02-A0FA-C2E6FF4280F5}.Release|Any CPU.Build.0 = Release|Any CPU
		{DB979B3B-AEE2-4E0E-BF14-D635B059206D}.Debug|Any CPU.ActiveCfg = Debug|Any CPU
		{DB979B3B-AEE2-4E0E-BF14-D635B059206D}.Debug|Any CPU.Build.0 = Debug|Any CPU
		{DB979B3B-AEE2-4E0E-BF14-D635B059206D}.Release|Any CPU.ActiveCfg = Release|Any CPU
		{DB979B3B-AEE2-4E0E-BF14-D635B059206D}.Release|Any CPU.Build.0 = Release|Any CPU
		{5C393494-8524-49FF-9978-BA2B8FA228B7}.Debug|Any CPU.ActiveCfg = Debug|Any CPU
		{5C393494-8524-49FF-9978-BA2B8FA228B7}.Debug|Any CPU.Build.0 = Debug|Any CPU
		{5C393494-8524-49FF-9978-BA2B8FA228B7}.Release|Any CPU.ActiveCfg = Release|Any CPU
		{5C393494-8524-49FF-9978-BA2B8FA228B7}.Release|Any CPU.Build.0 = Release|Any CPU
		{3A951069-CF17-45EA-AAAA-8ED7756AA394}.Debug|Any CPU.ActiveCfg = Debug|Any CPU
		{3A951069-CF17-45EA-AAAA-8ED7756AA394}.Debug|Any CPU.Build.0 = Debug|Any CPU
		{3A951069-CF17-45EA-AAAA-8ED7756AA394}.Release|Any CPU.ActiveCfg = Release|Any CPU
		{3A951069-CF17-45EA-AAAA-8ED7756AA394}.Release|Any CPU.Build.0 = Release|Any CPU
		{76BDCD48-9CC7-45B2-B5D5-224BAA70A7EB}.Debug|Any CPU.ActiveCfg = Debug|Any CPU
		{76BDCD48-9CC7-45B2-B5D5-224BAA70A7EB}.Debug|Any CPU.Build.0 = Debug|Any CPU
		{76BDCD48-9CC7-45B2-B5D5-224BAA70A7EB}.Release|Any CPU.ActiveCfg = Release|Any CPU
		{76BDCD48-9CC7-45B2-B5D5-224BAA70A7EB}.Release|Any CPU.Build.0 = Release|Any CPU
		{C0BB3E8E-6139-4767-A8AB-62D2F4432E12}.Debug|Any CPU.ActiveCfg = Debug|Any CPU
		{C0BB3E8E-6139-4767-A8AB-62D2F4432E12}.Debug|Any CPU.Build.0 = Debug|Any CPU
		{C0BB3E8E-6139-4767-A8AB-62D2F4432E12}.Release|Any CPU.ActiveCfg = Release|Any CPU
		{C0BB3E8E-6139-4767-A8AB-62D2F4432E12}.Release|Any CPU.Build.0 = Release|Any CPU
		{EC687B9B-0203-440F-88D6-FCF74201F271}.Debug|Any CPU.ActiveCfg = Debug|Any CPU
		{EC687B9B-0203-440F-88D6-FCF74201F271}.Debug|Any CPU.Build.0 = Debug|Any CPU
		{EC687B9B-0203-440F-88D6-FCF74201F271}.Release|Any CPU.ActiveCfg = Release|Any CPU
		{EC687B9B-0203-440F-88D6-FCF74201F271}.Release|Any CPU.Build.0 = Release|Any CPU
	EndGlobalSection
	GlobalSection(SolutionProperties) = preSolution
		HideSolutionNode = FALSE
	EndGlobalSection
	GlobalSection(NestedProjects) = preSolution
		{36E8EB66-9A69-41EA-A7F8-45BA5299A03F} = {5A3C0A4E-D0B1-449F-81D2-F81C62F85D3E}
		{32368735-BA73-45B2-9F24-ABA7F6099508} = {5D59B6A0-1CC6-403B-A33D-047295618794}
		{968509A4-4BD4-4E94-9A7F-ABC422F974B8} = {1411DED4-EBBC-4986-9C82-8450F21B9235}
		{BEA7ACCD-752E-4BE7-93F3-491CD5A7E02D} = {1411DED4-EBBC-4986-9C82-8450F21B9235}
		{9AE61682-B33C-4814-BAE5-771008CA4147} = {37ECC737-2BAE-4776-A529-A0C946789FDF}
		{0563B040-9EE7-4963-8321-D328EDE5FAE1} = {37ECC737-2BAE-4776-A529-A0C946789FDF}
		{A7F5DD2F-63BF-4032-AD1E-14D211E0D3ED} = {5A3C0A4E-D0B1-449F-81D2-F81C62F85D3E}
		{0DE0D41D-B3C7-4EB5-A76E-62FC4CA9CB30} = {5A3C0A4E-D0B1-449F-81D2-F81C62F85D3E}
		{0CE71375-77BE-427A-822D-7BF17C7A3BC5} = {1411DED4-EBBC-4986-9C82-8450F21B9235}
		{CB4BB068-91A4-44CD-94BC-13D1C5542C5B} = {5D59B6A0-1CC6-403B-A33D-047295618794}
		{D002CC0C-2A9C-4731-A3E6-DFFA517E3BD9} = {5D59B6A0-1CC6-403B-A33D-047295618794}
		{D5BF9549-AEB4-4A21-ACA0-591131018428} = {445DC0BF-BB4D-4571-8B96-68ED9DBA49AC}
		{01DFC9AF-FEA4-4996-BCEF-BC6E878C5C2A} = {445DC0BF-BB4D-4571-8B96-68ED9DBA49AC}
		{CD9C2847-A48F-45E1-908F-3F9A86EE0E37} = {445DC0BF-BB4D-4571-8B96-68ED9DBA49AC}
		{F0017883-0BCA-4B15-AE3C-1D0580152506} = {D61DB73D-4E53-46F9-B18A-3DBAC4424E41}
		{A52DCED6-1ED6-4301-929C-F9CAEE3EEADE} = {D61DB73D-4E53-46F9-B18A-3DBAC4424E41}
		{7CD5C68C-51E2-47DD-8BE3-B71848CF4964} = {D61DB73D-4E53-46F9-B18A-3DBAC4424E41}
		{4CDB344E-5D01-43EA-801A-AE66846613C0} = {D61DB73D-4E53-46F9-B18A-3DBAC4424E41}
		{EC0E161F-F9C9-4DE2-8A00-DA16E0957191} = {445DC0BF-BB4D-4571-8B96-68ED9DBA49AC}
		{CFB1848C-0CFC-4F07-A7C4-BC88FD662E8C} = {37ECC737-2BAE-4776-A529-A0C946789FDF}
		{D61DB73D-4E53-46F9-B18A-3DBAC4424E41} = {2139B354-0C0B-461E-B0BD-D83F111F63B2}
		{5210DF0B-3AD1-444A-8C79-38821577788C} = {37ECC737-2BAE-4776-A529-A0C946789FDF}
		{349D4C73-3C31-430A-8AD2-ED3D95FE6CEA} = {1411DED4-EBBC-4986-9C82-8450F21B9235}
		{B8D1A4E0-E7F2-4804-8181-BC4437601FBA} = {4D7002F3-8151-4B43-B063-84B7C935F7E2}
		{26CB60DB-11D2-4CFA-810E-E83D6DE6F423} = {2139B354-0C0B-461E-B0BD-D83F111F63B2}
		{FB40A2DF-A02D-419F-8187-B75886EA2910} = {26CB60DB-11D2-4CFA-810E-E83D6DE6F423}
		{612277CE-E2C4-41D2-99A0-CB6E084A713F} = {D61DB73D-4E53-46F9-B18A-3DBAC4424E41}
		{EAB3A05A-77DC-4B29-B014-370E8E4C90A4} = {D61DB73D-4E53-46F9-B18A-3DBAC4424E41}
		{FE294A9B-A865-4E83-934B-706DE84D4508} = {D61DB73D-4E53-46F9-B18A-3DBAC4424E41}
		{9677D921-F867-4E57-95B5-AE3CA62E43B2} = {D61DB73D-4E53-46F9-B18A-3DBAC4424E41}
		{D23FD87B-33C5-4BD5-9FAB-A92B885C3E90} = {D61DB73D-4E53-46F9-B18A-3DBAC4424E41}
		{A744C2DB-54FF-46C5-84BD-4482F056FDA6} = {D61DB73D-4E53-46F9-B18A-3DBAC4424E41}
		{D547FEBD-21C3-4344-9B71-EFC7F8FF6F9C} = {37ECC737-2BAE-4776-A529-A0C946789FDF}
		{1AD143FE-49AC-4E02-A0FA-C2E6FF4280F5} = {D61DB73D-4E53-46F9-B18A-3DBAC4424E41}
		{DB979B3B-AEE2-4E0E-BF14-D635B059206D} = {D61DB73D-4E53-46F9-B18A-3DBAC4424E41}
		{5C393494-8524-49FF-9978-BA2B8FA228B7} = {237458F2-03F8-4EE2-B506-A6F935736306}
		{3A951069-CF17-45EA-AAAA-8ED7756AA394} = {237458F2-03F8-4EE2-B506-A6F935736306}
		{5A3C0A4E-D0B1-449F-81D2-F81C62F85D3E} = {2139B354-0C0B-461E-B0BD-D83F111F63B2}
		{445DC0BF-BB4D-4571-8B96-68ED9DBA49AC} = {2139B354-0C0B-461E-B0BD-D83F111F63B2}
		{4D7002F3-8151-4B43-B063-84B7C935F7E2} = {2139B354-0C0B-461E-B0BD-D83F111F63B2}
		{76BDCD48-9CC7-45B2-B5D5-224BAA70A7EB} = {CFD6DFF4-35C3-4B6E-BED2-2FE1159B2275}
		{C0BB3E8E-6139-4767-A8AB-62D2F4432E12} = {CFD6DFF4-35C3-4B6E-BED2-2FE1159B2275}
		{88929AD5-F3E4-487C-AB4D-8242AACE01B8} = {237458F2-03F8-4EE2-B506-A6F935736306}
		{4CF0B8AE-85C5-4E4E-8B1E-DAF7C963CCB0} = {237458F2-03F8-4EE2-B506-A6F935736306}
		{257A9E18-0120-4A5B-8C00-CE7817FBC254} = {237458F2-03F8-4EE2-B506-A6F935736306}
		{EC687B9B-0203-440F-88D6-FCF74201F271} = {D61DB73D-4E53-46F9-B18A-3DBAC4424E41}
	EndGlobalSection
EndGlobal
